
Microsoft Visual Studio Solution File, Format Version 12.00
Project("{FAE04EC0-301F-11D3-BF4B-00C04F79EFBC}") = "REA.ChatSystem", "REA.ChatSystem\REA.ChatSystem.csproj", "{5A715014-1893-41F2-921B-7BA8CA103EA5}"
EndProject
Project("{FAE04EC0-301F-11D3-BF4B-00C04F79EFBC}") = "REA.ChatSystem.DAL", "REA.ChatSystem.DAL\REA.ChatSystem.DAL.csproj", "{339C5B30-5FD4-4EDC-8AE3-CE0098384EFC}"
EndProject
Project("{FAE04EC0-301F-11D3-BF4B-00C04F79EFBC}") = "REA.ChatSystem.BLL", "REA.ChatSystem.BLL\REA.ChatSystem.BLL.csproj", "{3510BC29-2B3C-4D27-BB17-E6AB770C48E8}"
EndProject
Project("{FAE04EC0-301F-11D3-BF4B-00C04F79EFBC}") = "REA.AdvertSystem", "REA.AdvertSystem\REA.AdvertSystem.csproj", "{2E5BDF8C-0059-437D-B2B1-724F3FBBA1D6}"
EndProject
Project("{FAE04EC0-301F-11D3-BF4B-00C04F79EFBC}") = "REA.AdvertSystem.Application", "REA.AdvertSystem.Application\REA.AdvertSystem.Application.csproj", "{274C1569-3F65-42A7-86B3-E463FDFFCD6F}"
EndProject
Project("{FAE04EC0-301F-11D3-BF4B-00C04F79EFBC}") = "REA.AdvertSystem.Domain", "REA.AdvertSystem.Domain\REA.AdvertSystem.Domain.csproj", "{AC714407-767D-4988-B1D9-EEADF0EF1811}"
EndProject
Project("{FAE04EC0-301F-11D3-BF4B-00C04F79EFBC}") = "REA.AdvertSystem.Infrastructure", "REA.AdvertSystem.Infrastructure\REA.AdvertSystem.Infrastructure.csproj", "{E8BC24F1-5263-47F5-A359-5A6D0B445B54}"
EndProject
Project("{FAE04EC0-301F-11D3-BF4B-00C04F79EFBC}") = "REA.AuthorizationSystem", "REA.AuthorizationSystem\REA.AuthorizationSystem.csproj", "{29ACE563-E035-4BBE-9C83-F7B093A76B71}"
EndProject
Project("{FAE04EC0-301F-11D3-BF4B-00C04F79EFBC}") = "REA.AuthorizationSystem.DAL", "REA.AuthorizationSystem.DAL\REA.AuthorizationSystem.DAL.csproj", "{FF7B920E-2D46-4DE1-BFEC-221B02290892}"
EndProject
Project("{FAE04EC0-301F-11D3-BF4B-00C04F79EFBC}") = "REA.AuthorizationSystem.BLL", "REA.AuthorizationSystem.BLL\REA.AuthorizationSystem.BLL.csproj", "{CD7B235D-A291-4038-BE1E-68011DA2F2A4}"
EndProject
Project("{2150E333-8FDC-42A3-9474-1A3956D46DE8}") = "xUnitTests", "xUnitTests", "{09D8725F-B34C-462B-BC11-28BC952A50EC}"
EndProject
Project("{FAE04EC0-301F-11D3-BF4B-00C04F79EFBC}") = "MockingUnitTestsForChatSystem", "MockingUnitTestsForChatSystem\MockingUnitTestsForChatSystem.csproj", "{DB99DF13-C743-4F02-9ED6-CF75497FE20B}"
EndProject
Project("{2150E333-8FDC-42A3-9474-1A3956D46DE8}") = "AdvertService", "AdvertService", "{FB5008FF-0D43-4057-9FBD-9576AE52C229}"
EndProject
Project("{2150E333-8FDC-42A3-9474-1A3956D46DE8}") = "AuthorizationServiceee", "AuthorizationServiceee", "{C1287CD9-876F-4F16-86AE-2AF20F24591A}"
EndProject
Project("{2150E333-8FDC-42A3-9474-1A3956D46DE8}") = "ChatService", "ChatService", "{FDA5754C-7550-4076-A841-6D17162C785D}"
EndProject
Project("{2150E333-8FDC-42A3-9474-1A3956D46DE8}") = "DiscountService", "DiscountService", "{C2E7F983-29DA-43F0-9514-CA6A09412426}"
EndProject
Project("{FAE04EC0-301F-11D3-BF4B-00C04F79EFBC}") = "DiscountService", "DiscountService\DiscountService.csproj", "{1435118C-929A-46E5-A6F7-1C6454009A35}"
EndProject
Project("{FAE04EC0-301F-11D3-BF4B-00C04F79EFBC}") = "DiscountGrpcService", "DiscountGrpcService\DiscountGrpcService.csproj", "{CAE63E86-513D-4CE1-A3DB-14DA836BEB82}"
EndProject
Project("{2150E333-8FDC-42A3-9474-1A3956D46DE8}") = "AuthorizationService", "AuthorizationService", "{A92D47AC-0B2D-4CBD-92BE-6B16A455FA4E}"
EndProject
Project("{FAE04EC0-301F-11D3-BF4B-00C04F79EFBC}") = "AuthorizationService", "AuthorizationService\AuthorizationService.csproj", "{73034994-A80E-4C0D-86A3-FC80AC4FDE5D}"
EndProject
Project("{FAE04EC0-301F-11D3-BF4B-00C04F79EFBC}") = "AuthorizationService.BLL", "AuthorizationService.BLL\AuthorizationService.BLL.csproj", "{8CA3D7FE-8B1B-4617-A45C-C128B92B1220}"
EndProject
Project("{FAE04EC0-301F-11D3-BF4B-00C04F79EFBC}") = "AuthorizationService.DAL", "AuthorizationService.DAL\AuthorizationService.DAL.csproj", "{5F032762-DFDC-4B9B-8439-E9715BD0FF46}"
EndProject
Global
	GlobalSection(SolutionConfigurationPlatforms) = preSolution
		Debug|Any CPU = Debug|Any CPU
		Release|Any CPU = Release|Any CPU
	EndGlobalSection
	GlobalSection(ProjectConfigurationPlatforms) = postSolution
		{5A715014-1893-41F2-921B-7BA8CA103EA5}.Debug|Any CPU.ActiveCfg = Debug|Any CPU
		{5A715014-1893-41F2-921B-7BA8CA103EA5}.Debug|Any CPU.Build.0 = Debug|Any CPU
		{5A715014-1893-41F2-921B-7BA8CA103EA5}.Release|Any CPU.ActiveCfg = Release|Any CPU
		{5A715014-1893-41F2-921B-7BA8CA103EA5}.Release|Any CPU.Build.0 = Release|Any CPU
		{339C5B30-5FD4-4EDC-8AE3-CE0098384EFC}.Debug|Any CPU.ActiveCfg = Debug|Any CPU
		{339C5B30-5FD4-4EDC-8AE3-CE0098384EFC}.Debug|Any CPU.Build.0 = Debug|Any CPU
		{339C5B30-5FD4-4EDC-8AE3-CE0098384EFC}.Release|Any CPU.ActiveCfg = Release|Any CPU
		{339C5B30-5FD4-4EDC-8AE3-CE0098384EFC}.Release|Any CPU.Build.0 = Release|Any CPU
		{3510BC29-2B3C-4D27-BB17-E6AB770C48E8}.Debug|Any CPU.ActiveCfg = Debug|Any CPU
		{3510BC29-2B3C-4D27-BB17-E6AB770C48E8}.Debug|Any CPU.Build.0 = Debug|Any CPU
		{3510BC29-2B3C-4D27-BB17-E6AB770C48E8}.Release|Any CPU.ActiveCfg = Release|Any CPU
		{3510BC29-2B3C-4D27-BB17-E6AB770C48E8}.Release|Any CPU.Build.0 = Release|Any CPU
		{2E5BDF8C-0059-437D-B2B1-724F3FBBA1D6}.Debug|Any CPU.ActiveCfg = Debug|Any CPU
		{2E5BDF8C-0059-437D-B2B1-724F3FBBA1D6}.Debug|Any CPU.Build.0 = Debug|Any CPU
		{2E5BDF8C-0059-437D-B2B1-724F3FBBA1D6}.Release|Any CPU.ActiveCfg = Release|Any CPU
		{2E5BDF8C-0059-437D-B2B1-724F3FBBA1D6}.Release|Any CPU.Build.0 = Release|Any CPU
		{274C1569-3F65-42A7-86B3-E463FDFFCD6F}.Debug|Any CPU.ActiveCfg = Debug|Any CPU
		{274C1569-3F65-42A7-86B3-E463FDFFCD6F}.Debug|Any CPU.Build.0 = Debug|Any CPU
		{274C1569-3F65-42A7-86B3-E463FDFFCD6F}.Release|Any CPU.ActiveCfg = Release|Any CPU
		{274C1569-3F65-42A7-86B3-E463FDFFCD6F}.Release|Any CPU.Build.0 = Release|Any CPU
		{AC714407-767D-4988-B1D9-EEADF0EF1811}.Debug|Any CPU.ActiveCfg = Debug|Any CPU
		{AC714407-767D-4988-B1D9-EEADF0EF1811}.Debug|Any CPU.Build.0 = Debug|Any CPU
		{AC714407-767D-4988-B1D9-EEADF0EF1811}.Release|Any CPU.ActiveCfg = Release|Any CPU
		{AC714407-767D-4988-B1D9-EEADF0EF1811}.Release|Any CPU.Build.0 = Release|Any CPU
		{E8BC24F1-5263-47F5-A359-5A6D0B445B54}.Debug|Any CPU.ActiveCfg = Debug|Any CPU
		{E8BC24F1-5263-47F5-A359-5A6D0B445B54}.Debug|Any CPU.Build.0 = Debug|Any CPU
		{E8BC24F1-5263-47F5-A359-5A6D0B445B54}.Release|Any CPU.ActiveCfg = Release|Any CPU
		{E8BC24F1-5263-47F5-A359-5A6D0B445B54}.Release|Any CPU.Build.0 = Release|Any CPU
		{29ACE563-E035-4BBE-9C83-F7B093A76B71}.Debug|Any CPU.ActiveCfg = Debug|Any CPU
		{29ACE563-E035-4BBE-9C83-F7B093A76B71}.Debug|Any CPU.Build.0 = Debug|Any CPU
		{29ACE563-E035-4BBE-9C83-F7B093A76B71}.Release|Any CPU.ActiveCfg = Release|Any CPU
		{29ACE563-E035-4BBE-9C83-F7B093A76B71}.Release|Any CPU.Build.0 = Release|Any CPU
		{FF7B920E-2D46-4DE1-BFEC-221B02290892}.Debug|Any CPU.ActiveCfg = Debug|Any CPU
		{FF7B920E-2D46-4DE1-BFEC-221B02290892}.Debug|Any CPU.Build.0 = Debug|Any CPU
		{FF7B920E-2D46-4DE1-BFEC-221B02290892}.Release|Any CPU.ActiveCfg = Release|Any CPU
		{FF7B920E-2D46-4DE1-BFEC-221B02290892}.Release|Any CPU.Build.0 = Release|Any CPU
		{CD7B235D-A291-4038-BE1E-68011DA2F2A4}.Debug|Any CPU.ActiveCfg = Debug|Any CPU
		{CD7B235D-A291-4038-BE1E-68011DA2F2A4}.Debug|Any CPU.Build.0 = Debug|Any CPU
		{CD7B235D-A291-4038-BE1E-68011DA2F2A4}.Release|Any CPU.ActiveCfg = Release|Any CPU
		{CD7B235D-A291-4038-BE1E-68011DA2F2A4}.Release|Any CPU.Build.0 = Release|Any CPU
		{DB99DF13-C743-4F02-9ED6-CF75497FE20B}.Debug|Any CPU.ActiveCfg = Debug|Any CPU
		{DB99DF13-C743-4F02-9ED6-CF75497FE20B}.Debug|Any CPU.Build.0 = Debug|Any CPU
		{DB99DF13-C743-4F02-9ED6-CF75497FE20B}.Release|Any CPU.ActiveCfg = Release|Any CPU
		{DB99DF13-C743-4F02-9ED6-CF75497FE20B}.Release|Any CPU.Build.0 = Release|Any CPU
		{1435118C-929A-46E5-A6F7-1C6454009A35}.Debug|Any CPU.ActiveCfg = Debug|Any CPU
		{1435118C-929A-46E5-A6F7-1C6454009A35}.Debug|Any CPU.Build.0 = Debug|Any CPU
		{1435118C-929A-46E5-A6F7-1C6454009A35}.Release|Any CPU.ActiveCfg = Release|Any CPU
		{1435118C-929A-46E5-A6F7-1C6454009A35}.Release|Any CPU.Build.0 = Release|Any CPU
		{CAE63E86-513D-4CE1-A3DB-14DA836BEB82}.Debug|Any CPU.ActiveCfg = Debug|Any CPU
		{CAE63E86-513D-4CE1-A3DB-14DA836BEB82}.Debug|Any CPU.Build.0 = Debug|Any CPU
		{CAE63E86-513D-4CE1-A3DB-14DA836BEB82}.Release|Any CPU.ActiveCfg = Release|Any CPU
		{CAE63E86-513D-4CE1-A3DB-14DA836BEB82}.Release|Any CPU.Build.0 = Release|Any CPU
		{73034994-A80E-4C0D-86A3-FC80AC4FDE5D}.Debug|Any CPU.ActiveCfg = Debug|Any CPU
		{73034994-A80E-4C0D-86A3-FC80AC4FDE5D}.Debug|Any CPU.Build.0 = Debug|Any CPU
		{73034994-A80E-4C0D-86A3-FC80AC4FDE5D}.Release|Any CPU.ActiveCfg = Release|Any CPU
		{73034994-A80E-4C0D-86A3-FC80AC4FDE5D}.Release|Any CPU.Build.0 = Release|Any CPU
		{8CA3D7FE-8B1B-4617-A45C-C128B92B1220}.Debug|Any CPU.ActiveCfg = Debug|Any CPU
		{8CA3D7FE-8B1B-4617-A45C-C128B92B1220}.Debug|Any CPU.Build.0 = Debug|Any CPU
		{8CA3D7FE-8B1B-4617-A45C-C128B92B1220}.Release|Any CPU.ActiveCfg = Release|Any CPU
		{8CA3D7FE-8B1B-4617-A45C-C128B92B1220}.Release|Any CPU.Build.0 = Release|Any CPU
		{5F032762-DFDC-4B9B-8439-E9715BD0FF46}.Debug|Any CPU.ActiveCfg = Debug|Any CPU
		{5F032762-DFDC-4B9B-8439-E9715BD0FF46}.Debug|Any CPU.Build.0 = Debug|Any CPU
		{5F032762-DFDC-4B9B-8439-E9715BD0FF46}.Release|Any CPU.ActiveCfg = Release|Any CPU
		{5F032762-DFDC-4B9B-8439-E9715BD0FF46}.Release|Any CPU.Build.0 = Release|Any CPU
	EndGlobalSection
	GlobalSection(NestedProjects) = preSolution
		{DB99DF13-C743-4F02-9ED6-CF75497FE20B} = {09D8725F-B34C-462B-BC11-28BC952A50EC}
		{2E5BDF8C-0059-437D-B2B1-724F3FBBA1D6} = {FB5008FF-0D43-4057-9FBD-9576AE52C229}
		{274C1569-3F65-42A7-86B3-E463FDFFCD6F} = {FB5008FF-0D43-4057-9FBD-9576AE52C229}
		{AC714407-767D-4988-B1D9-EEADF0EF1811} = {FB5008FF-0D43-4057-9FBD-9576AE52C229}
		{E8BC24F1-5263-47F5-A359-5A6D0B445B54} = {FB5008FF-0D43-4057-9FBD-9576AE52C229}
		{29ACE563-E035-4BBE-9C83-F7B093A76B71} = {C1287CD9-876F-4F16-86AE-2AF20F24591A}
		{CD7B235D-A291-4038-BE1E-68011DA2F2A4} = {C1287CD9-876F-4F16-86AE-2AF20F24591A}
		{FF7B920E-2D46-4DE1-BFEC-221B02290892} = {C1287CD9-876F-4F16-86AE-2AF20F24591A}
		{5A715014-1893-41F2-921B-7BA8CA103EA5} = {FDA5754C-7550-4076-A841-6D17162C785D}
		{3510BC29-2B3C-4D27-BB17-E6AB770C48E8} = {FDA5754C-7550-4076-A841-6D17162C785D}
		{339C5B30-5FD4-4EDC-8AE3-CE0098384EFC} = {FDA5754C-7550-4076-A841-6D17162C785D}
		{1435118C-929A-46E5-A6F7-1C6454009A35} = {C2E7F983-29DA-43F0-9514-CA6A09412426}
		{CAE63E86-513D-4CE1-A3DB-14DA836BEB82} = {C2E7F983-29DA-43F0-9514-CA6A09412426}
		{73034994-A80E-4C0D-86A3-FC80AC4FDE5D} = {A92D47AC-0B2D-4CBD-92BE-6B16A455FA4E}
		{8CA3D7FE-8B1B-4617-A45C-C128B92B1220} = {A92D47AC-0B2D-4CBD-92BE-6B16A455FA4E}
		{5F032762-DFDC-4B9B-8439-E9715BD0FF46} = {A92D47AC-0B2D-4CBD-92BE-6B16A455FA4E}
	EndGlobalSection
EndGlobal
